// !$*UTF8*$!
{
	archiveVersion = 1;
	classes = {
	};
	objectVersion = 46;
	objects = {

/* Begin PBXBuildFile section */
		932008BD1DE0989000BFEB62 /* main.m in Sources */ = {isa = PBXBuildFile; fileRef = 932008BC1DE0989000BFEB62 /* main.m */; };
		932008C01DE0989000BFEB62 /* AppDelegate.m in Sources */ = {isa = PBXBuildFile; fileRef = 932008BF1DE0989000BFEB62 /* AppDelegate.m */; };
		932008C31DE0989000BFEB62 /* ViewController.m in Sources */ = {isa = PBXBuildFile; fileRef = 932008C21DE0989000BFEB62 /* ViewController.m */; };
		932008C61DE0989000BFEB62 /* Main.storyboard in Resources */ = {isa = PBXBuildFile; fileRef = 932008C41DE0989000BFEB62 /* Main.storyboard */; };
		932008C81DE0989000BFEB62 /* Assets.xcassets in Resources */ = {isa = PBXBuildFile; fileRef = 932008C71DE0989000BFEB62 /* Assets.xcassets */; };
		932008CB1DE0989000BFEB62 /* LaunchScreen.storyboard in Resources */ = {isa = PBXBuildFile; fileRef = 932008C91DE0989000BFEB62 /* LaunchScreen.storyboard */; };
		932008E21DE09AD700BFEB62 /* LewPopupBackgroundView.m in Sources */ = {isa = PBXBuildFile; fileRef = 932008D61DE09AD700BFEB62 /* LewPopupBackgroundView.m */; };
		932008E31DE09AD700BFEB62 /* LewPopupViewAnimationDrop.m in Sources */ = {isa = PBXBuildFile; fileRef = 932008D81DE09AD700BFEB62 /* LewPopupViewAnimationDrop.m */; };
		932008E41DE09AD700BFEB62 /* LewPopupViewAnimationFade.m in Sources */ = {isa = PBXBuildFile; fileRef = 932008DA1DE09AD700BFEB62 /* LewPopupViewAnimationFade.m */; };
		932008E51DE09AD700BFEB62 /* LewPopupViewAnimationSlide.m in Sources */ = {isa = PBXBuildFile; fileRef = 932008DC1DE09AD700BFEB62 /* LewPopupViewAnimationSlide.m */; };
		932008E61DE09AD700BFEB62 /* LewPopupViewAnimationSpring.m in Sources */ = {isa = PBXBuildFile; fileRef = 932008DE1DE09AD700BFEB62 /* LewPopupViewAnimationSpring.m */; };
		932008E71DE09AD700BFEB62 /* UIViewController+LewPopupViewController.m in Sources */ = {isa = PBXBuildFile; fileRef = 932008E11DE09AD700BFEB62 /* UIViewController+LewPopupViewController.m */; };
		932008EA1DE09B0700BFEB62 /* PopView.m in Sources */ = {isa = PBXBuildFile; fileRef = 932008E91DE09B0700BFEB62 /* PopView.m */; };
		938AB1381DF565A80083DEB4 /* CusAlertViewController.m in Sources */ = {isa = PBXBuildFile; fileRef = 938AB1361DF565A80083DEB4 /* CusAlertViewController.m */; };
		938AB1391DF565A80083DEB4 /* CusAlertViewController.xib in Resources */ = {isa = PBXBuildFile; fileRef = 938AB1371DF565A80083DEB4 /* CusAlertViewController.xib */; };
/* End PBXBuildFile section */

/* Begin PBXFileReference section */
		932008B81DE0989000BFEB62 /* iOS-Pop.app */ = {isa = PBXFileReference; explicitFileType = wrapper.application; includeInIndex = 0; path = "iOS-Pop.app"; sourceTree = BUILT_PRODUCTS_DIR; };
		932008BC1DE0989000BFEB62 /* main.m */ = {isa = PBXFileReference; lastKnownFileType = sourcecode.c.objc; path = main.m; sourceTree = "<group>"; };
		932008BE1DE0989000BFEB62 /* AppDelegate.h */ = {isa = PBXFileReference; lastKnownFileType = sourcecode.c.h; path = AppDelegate.h; sourceTree = "<group>"; };
		932008BF1DE0989000BFEB62 /* AppDelegate.m */ = {isa = PBXFileReference; lastKnownFileType = sourcecode.c.objc; path = AppDelegate.m; sourceTree = "<group>"; };
		932008C11DE0989000BFEB62 /* ViewController.h */ = {isa = PBXFileReference; lastKnownFileType = sourcecode.c.h; path = ViewController.h; sourceTree = "<group>"; };
		932008C21DE0989000BFEB62 /* ViewController.m */ = {isa = PBXFileReference; lastKnownFileType = sourcecode.c.objc; path = ViewController.m; sourceTree = "<group>"; };
		932008C51DE0989000BFEB62 /* Base */ = {isa = PBXFileReference; lastKnownFileType = file.storyboard; name = Base; path = Base.lproj/Main.storyboard; sourceTree = "<group>"; };
		932008C71DE0989000BFEB62 /* Assets.xcassets */ = {isa = PBXFileReference; lastKnownFileType = folder.assetcatalog; path = Assets.xcassets; sourceTree = "<group>"; };
		932008CA1DE0989000BFEB62 /* Base */ = {isa = PBXFileReference; lastKnownFileType = file.storyboard; name = Base; path = Base.lproj/LaunchScreen.storyboard; sourceTree = "<group>"; };
		932008CC1DE0989000BFEB62 /* Info.plist */ = {isa = PBXFileReference; lastKnownFileType = text.plist.xml; path = Info.plist; sourceTree = "<group>"; };
		932008D51DE09AD700BFEB62 /* LewPopupBackgroundView.h */ = {isa = PBXFileReference; fileEncoding = 4; lastKnownFileType = sourcecode.c.h; path = LewPopupBackgroundView.h; sourceTree = "<group>"; };
		932008D61DE09AD700BFEB62 /* LewPopupBackgroundView.m */ = {isa = PBXFileReference; fileEncoding = 4; lastKnownFileType = sourcecode.c.objc; path = LewPopupBackgroundView.m; sourceTree = "<group>"; };
		932008D71DE09AD700BFEB62 /* LewPopupViewAnimationDrop.h */ = {isa = PBXFileReference; fileEncoding = 4; lastKnownFileType = sourcecode.c.h; path = LewPopupViewAnimationDrop.h; sourceTree = "<group>"; };
		932008D81DE09AD700BFEB62 /* LewPopupViewAnimationDrop.m */ = {isa = PBXFileReference; fileEncoding = 4; lastKnownFileType = sourcecode.c.objc; path = LewPopupViewAnimationDrop.m; sourceTree = "<group>"; };
		932008D91DE09AD700BFEB62 /* LewPopupViewAnimationFade.h */ = {isa = PBXFileReference; fileEncoding = 4; lastKnownFileType = sourcecode.c.h; path = LewPopupViewAnimationFade.h; sourceTree = "<group>"; };
		932008DA1DE09AD700BFEB62 /* LewPopupViewAnimationFade.m */ = {isa = PBXFileReference; fileEncoding = 4; lastKnownFileType = sourcecode.c.objc; path = LewPopupViewAnimationFade.m; sourceTree = "<group>"; };
		932008DB1DE09AD700BFEB62 /* LewPopupViewAnimationSlide.h */ = {isa = PBXFileReference; fileEncoding = 4; lastKnownFileType = sourcecode.c.h; path = LewPopupViewAnimationSlide.h; sourceTree = "<group>"; };
		932008DC1DE09AD700BFEB62 /* LewPopupViewAnimationSlide.m */ = {isa = PBXFileReference; fileEncoding = 4; lastKnownFileType = sourcecode.c.objc; path = LewPopupViewAnimationSlide.m; sourceTree = "<group>"; };
		932008DD1DE09AD700BFEB62 /* LewPopupViewAnimationSpring.h */ = {isa = PBXFileReference; fileEncoding = 4; lastKnownFileType = sourcecode.c.h; path = LewPopupViewAnimationSpring.h; sourceTree = "<group>"; };
		932008DE1DE09AD700BFEB62 /* LewPopupViewAnimationSpring.m */ = {isa = PBXFileReference; fileEncoding = 4; lastKnownFileType = sourcecode.c.objc; path = LewPopupViewAnimationSpring.m; sourceTree = "<group>"; };
		932008DF1DE09AD700BFEB62 /* LewPopupViewController.h */ = {isa = PBXFileReference; fileEncoding = 4; lastKnownFileType = sourcecode.c.h; path = LewPopupViewController.h; sourceTree = "<group>"; };
		932008E01DE09AD700BFEB62 /* UIViewController+LewPopupViewController.h */ = {isa = PBXFileReference; fileEncoding = 4; lastKnownFileType = sourcecode.c.h; path = "UIViewController+LewPopupViewController.h"; sourceTree = "<group>"; };
		932008E11DE09AD700BFEB62 /* UIViewController+LewPopupViewController.m */ = {isa = PBXFileReference; fileEncoding = 4; lastKnownFileType = sourcecode.c.objc; path = "UIViewController+LewPopupViewController.m"; sourceTree = "<group>"; };
		932008E81DE09B0700BFEB62 /* PopView.h */ = {isa = PBXFileReference; fileEncoding = 4; lastKnownFileType = sourcecode.c.h; path = PopView.h; sourceTree = "<group>"; };
		932008E91DE09B0700BFEB62 /* PopView.m */ = {isa = PBXFileReference; fileEncoding = 4; lastKnownFileType = sourcecode.c.objc; path = PopView.m; sourceTree = "<group>"; };
		938AB1351DF565A80083DEB4 /* CusAlertViewController.h */ = {isa = PBXFileReference; fileEncoding = 4; lastKnownFileType = sourcecode.c.h; path = CusAlertViewController.h; sourceTree = "<group>"; };
		938AB1361DF565A80083DEB4 /* CusAlertViewController.m */ = {isa = PBXFileReference; fileEncoding = 4; lastKnownFileType = sourcecode.c.objc; path = CusAlertViewController.m; sourceTree = "<group>"; };
		938AB1371DF565A80083DEB4 /* CusAlertViewController.xib */ = {isa = PBXFileReference; fileEncoding = 4; lastKnownFileType = file.xib; path = CusAlertViewController.xib; sourceTree = "<group>"; };
/* End PBXFileReference section */

/* Begin PBXFrameworksBuildPhase section */
		932008B51DE0989000BFEB62 /* Frameworks */ = {
			isa = PBXFrameworksBuildPhase;
			buildActionMask = 2147483647;
			files = (
			);
			runOnlyForDeploymentPostprocessing = 0;
		};
/* End PBXFrameworksBuildPhase section */

/* Begin PBXGroup section */
		932008AF1DE0989000BFEB62 = {
			isa = PBXGroup;
			children = (
				932008BA1DE0989000BFEB62 /* iOS-Pop */,
				932008B91DE0989000BFEB62 /* Products */,
			);
			sourceTree = "<group>";
		};
		932008B91DE0989000BFEB62 /* Products */ = {
			isa = PBXGroup;
			children = (
				932008B81DE0989000BFEB62 /* iOS-Pop.app */,
			);
			name = Products;
			sourceTree = "<group>";
		};
		932008BA1DE0989000BFEB62 /* iOS-Pop */ = {
			isa = PBXGroup;
			children = (
				938AB1341DF565910083DEB4 /* CusAlert */,
				932008D41DE09AD700BFEB62 /* PopupView */,
				932008BE1DE0989000BFEB62 /* AppDelegate.h */,
				932008BF1DE0989000BFEB62 /* AppDelegate.m */,
				932008C11DE0989000BFEB62 /* ViewController.h */,
				932008C21DE0989000BFEB62 /* ViewController.m */,
				932008E81DE09B0700BFEB62 /* PopView.h */,
				932008E91DE09B0700BFEB62 /* PopView.m */,
				932008C41DE0989000BFEB62 /* Main.storyboard */,
				932008C71DE0989000BFEB62 /* Assets.xcassets */,
				932008C91DE0989000BFEB62 /* LaunchScreen.storyboard */,
				932008CC1DE0989000BFEB62 /* Info.plist */,
				932008BB1DE0989000BFEB62 /* Supporting Files */,
			);
			path = "iOS-Pop";
			sourceTree = "<group>";
		};
		932008BB1DE0989000BFEB62 /* Supporting Files */ = {
			isa = PBXGroup;
			children = (
				932008BC1DE0989000BFEB62 /* main.m */,
			);
			name = "Supporting Files";
			sourceTree = "<group>";
		};
		932008D41DE09AD700BFEB62 /* PopupView */ = {
			isa = PBXGroup;
			children = (
				932008D51DE09AD700BFEB62 /* LewPopupBackgroundView.h */,
				932008D61DE09AD700BFEB62 /* LewPopupBackgroundView.m */,
				932008D71DE09AD700BFEB62 /* LewPopupViewAnimationDrop.h */,
				932008D81DE09AD700BFEB62 /* LewPopupViewAnimationDrop.m */,
				932008D91DE09AD700BFEB62 /* LewPopupViewAnimationFade.h */,
				932008DA1DE09AD700BFEB62 /* LewPopupViewAnimationFade.m */,
				932008DB1DE09AD700BFEB62 /* LewPopupViewAnimationSlide.h */,
				932008DC1DE09AD700BFEB62 /* LewPopupViewAnimationSlide.m */,
				932008DD1DE09AD700BFEB62 /* LewPopupViewAnimationSpring.h */,
				932008DE1DE09AD700BFEB62 /* LewPopupViewAnimationSpring.m */,
				932008DF1DE09AD700BFEB62 /* LewPopupViewController.h */,
				932008E01DE09AD700BFEB62 /* UIViewController+LewPopupViewController.h */,
				932008E11DE09AD700BFEB62 /* UIViewController+LewPopupViewController.m */,
			);
			path = PopupView;
			sourceTree = "<group>";
		};
		938AB1341DF565910083DEB4 /* CusAlert */ = {
			isa = PBXGroup;
			children = (
				938AB1351DF565A80083DEB4 /* CusAlertViewController.h */,
				938AB1361DF565A80083DEB4 /* CusAlertViewController.m */,
				938AB1371DF565A80083DEB4 /* CusAlertViewController.xib */,
			);
			path = CusAlert;
			sourceTree = "<group>";
		};
/* End PBXGroup section */

/* Begin PBXNativeTarget section */
		932008B71DE0989000BFEB62 /* iOS-Pop */ = {
			isa = PBXNativeTarget;
			buildConfigurationList = 932008CF1DE0989000BFEB62 /* Build configuration list for PBXNativeTarget "iOS-Pop" */;
			buildPhases = (
				932008B41DE0989000BFEB62 /* Sources */,
				932008B51DE0989000BFEB62 /* Frameworks */,
				932008B61DE0989000BFEB62 /* Resources */,
			);
			buildRules = (
			);
			dependencies = (
			);
			name = "iOS-Pop";
			productName = "iOS-Pop";
			productReference = 932008B81DE0989000BFEB62 /* iOS-Pop.app */;
			productType = "com.apple.product-type.application";
		};
/* End PBXNativeTarget section */

/* Begin PBXProject section */
		932008B01DE0989000BFEB62 /* Project object */ = {
			isa = PBXProject;
			attributes = {
				LastUpgradeCheck = 0730;
				ORGANIZATIONNAME = aaron;
				TargetAttributes = {
					932008B71DE0989000BFEB62 = {
						CreatedOnToolsVersion = 7.3.1;
					};
				};
			};
			buildConfigurationList = 932008B31DE0989000BFEB62 /* Build configuration list for PBXProject "iOS-Pop" */;
			compatibilityVersion = "Xcode 3.2";
			developmentRegion = English;
			hasScannedForEncodings = 0;
			knownRegions = (
				en,
				Base,
			);
			mainGroup = 932008AF1DE0989000BFEB62;
			productRefGroup = 932008B91DE0989000BFEB62 /* Products */;
			projectDirPath = "";
			projectRoot = "";
			targets = (
				932008B71DE0989000BFEB62 /* iOS-Pop */,
			);
		};
/* End PBXProject section */

/* Begin PBXResourcesBuildPhase section */
		932008B61DE0989000BFEB62 /* Resources */ = {
			isa = PBXResourcesBuildPhase;
			buildActionMask = 2147483647;
			files = (
				932008CB1DE0989000BFEB62 /* LaunchScreen.storyboard in Resources */,
				938AB1391DF565A80083DEB4 /* CusAlertViewController.xib in Resources */,
				932008C81DE0989000BFEB62 /* Assets.xcassets in Resources */,
				932008C61DE0989000BFEB62 /* Main.storyboard in Resources */,
			);
			runOnlyForDeploymentPostprocessing = 0;
		};
/* End PBXResourcesBuildPhase section */

/* Begin PBXSourcesBuildPhase section */
		932008B41DE0989000BFEB62 /* Sources */ = {
			isa = PBXSourcesBuildPhase;
			buildActionMask = 2147483647;
			files = (
				932008E31DE09AD700BFEB62 /* LewPopupViewAnimationDrop.m in Sources */,
				932008E51DE09AD700BFEB62 /* LewPopupViewAnimationSlide.m in Sources */,
				932008E61DE09AD700BFEB62 /* LewPopupViewAnimationSpring.m in Sources */,
				932008E71DE09AD700BFEB62 /* UIViewController+LewPopupViewController.m in Sources */,
				932008EA1DE09B0700BFEB62 /* PopView.m in Sources */,
				932008E41DE09AD700BFEB62 /* LewPopupViewAnimationFade.m in Sources */,
				932008C31DE0989000BFEB62 /* ViewController.m in Sources */,
				932008C01DE0989000BFEB62 /* AppDelegate.m in Sources */,
				932008E21DE09AD700BFEB62 /* LewPopupBackgroundView.m in Sources */,
				938AB1381DF565A80083DEB4 /* CusAlertViewController.m in Sources */,
				932008BD1DE0989000BFEB62 /* main.m in Sources */,
			);
			runOnlyForDeploymentPostprocessing = 0;
		};
/* End PBXSourcesBuildPhase section */

/* Begin PBXVariantGroup section */
		932008C41DE0989000BFEB62 /* Main.storyboard */ = {
			isa = PBXVariantGroup;
			children = (
				932008C51DE0989000BFEB62 /* Base */,
			);
			name = Main.storyboard;
			sourceTree = "<group>";
		};
		932008C91DE0989000BFEB62 /* LaunchScreen.storyboard */ = {
			isa = PBXVariantGroup;
			children = (
				932008CA1DE0989000BFEB62 /* Base */,
			);
			name = LaunchScreen.storyboard;
			sourceTree = "<group>";
		};
/* End PBXVariantGroup section */

/* Begin XCBuildConfiguration section */
		932008CD1DE0989000BFEB62 /* Debug */ = {
			isa = XCBuildConfiguration;
			buildSettings = {
				ALWAYS_SEARCH_USER_PATHS = NO;
				CLANG_ANALYZER_NONNULL = YES;
				CLANG_CXX_LANGUAGE_STANDARD = "gnu++0x";
				CLANG_CXX_LIBRARY = "libc++";
				CLANG_ENABLE_MODULES = YES;
				CLANG_ENABLE_OBJC_ARC = YES;
				CLANG_WARN_BOOL_CONVERSION = YES;
				CLANG_WARN_CONSTANT_CONVERSION = YES;
				CLANG_WARN_DIRECT_OBJC_ISA_USAGE = YES_ERROR;
				CLANG_WARN_EMPTY_BODY = YES;
				CLANG_WARN_ENUM_CONVERSION = YES;
				CLANG_WARN_INT_CONVERSION = YES;
				CLANG_WARN_OBJC_ROOT_CLASS = YES_ERROR;
				CLANG_WARN_UNREACHABLE_CODE = YES;
				CLANG_WARN__DUPLICATE_METHOD_MATCH = YES;
				"CODE_SIGN_IDENTITY[sdk=iphoneos*]" = "iPhone Developer";
				COPY_PHASE_STRIP = NO;
				DEBUG_INFORMATION_FORMAT = dwarf;
				ENABLE_STRICT_OBJC_MSGSEND = YES;
				ENABLE_TESTABILITY = YES;
				GCC_C_LANGUAGE_STANDARD = gnu99;
				GCC_DYNAMIC_NO_PIC = NO;
				GCC_NO_COMMON_BLOCKS = YES;
				GCC_OPTIMIZATION_LEVEL = 0;
				GCC_PREPROCESSOR_DEFINITIONS = (
					"DEBUG=1",
					"$(inherited)",
				);
				GCC_WARN_64_TO_32_BIT_CONVERSION = YES;
				GCC_WARN_ABOUT_RETURN_TYPE = YES_ERROR;
				GCC_WARN_UNDECLARED_SELECTOR = YES;
				GCC_WARN_UNINITIALIZED_AUTOS = YES_AGGRESSIVE;
				GCC_WARN_UNUSED_FUNCTION = YES;
				GCC_WARN_UNUSED_VARIABLE = YES;
				IPHONEOS_DEPLOYMENT_TARGET = 8.0;
				MTL_ENABLE_DEBUG_INFO = YES;
				ONLY_ACTIVE_ARCH = YES;
				SDKROOT = iphoneos;
			};
			name = Debug;
		};
		932008CE1DE0989000BFEB62 /* Release */ = {
			isa = XCBuildConfiguration;
			buildSettings = {
				ALWAYS_SEARCH_USER_PATHS = NO;
				CLANG_ANALYZER_NONNULL = YES;
				CLANG_CXX_LANGUAGE_STANDARD = "gnu++0x";
				CLANG_CXX_LIBRARY = "libc++";
				CLANG_ENABLE_MODULES = YES;
				CLANG_ENABLE_OBJC_ARC = YES;
				CLANG_WARN_BOOL_CONVERSION = YES;
				CLANG_WARN_CONSTANT_CONVERSION = YES;
				CLANG_WARN_DIRECT_OBJC_ISA_USAGE = YES_ERROR;
				CLANG_WARN_EMPTY_BODY = YES;
				CLANG_WARN_ENUM_CONVERSION = YES;
				CLANG_WARN_INT_CONVERSION = YES;
				CLANG_WARN_OBJC_ROOT_CLASS = YES_ERROR;
				CLANG_WARN_UNREACHABLE_CODE = YES;
				CLANG_WARN__DUPLICATE_METHOD_MATCH = YES;
				"CODE_SIGN_IDENTITY[sdk=iphoneos*]" = "iPhone Developer";
				COPY_PHASE_STRIP = NO;
				DEBUG_INFORMATION_FORMAT = "dwarf-with-dsym";
				ENABLE_NS_ASSERTIONS = NO;
				ENABLE_STRICT_OBJC_MSGSEND = YES;
				GCC_C_LANGUAGE_STANDARD = gnu99;
				GCC_NO_COMMON_BLOCKS = YES;
				GCC_WARN_64_TO_32_BIT_CONVERSION = YES;
				GCC_WARN_ABOUT_RETURN_TYPE = YES_ERROR;
				GCC_WARN_UNDECLARED_SELECTOR = YES;
				GCC_WARN_UNINITIALIZED_AUTOS = YES_AGGRESSIVE;
				GCC_WARN_UNUSED_FUNCTION = YES;
				GCC_WARN_UNUSED_VARIABLE = YES;
				IPHONEOS_DEPLOYMENT_TARGET = 8.0;
				MTL_ENABLE_DEBUG_INFO = NO;
				SDKROOT = iphoneos;
				VALIDATE_PRODUCT = YES;
			};
			name = Release;
		};
		932008D01DE0989000BFEB62 /* Debug */ = {
			isa = XCBuildConfiguration;
			buildSettings = {
				ASSETCATALOG_COMPILER_APPICON_NAME = AppIcon;
				INFOPLIST_FILE = "iOS-Pop/Info.plist";
				LD_RUNPATH_SEARCH_PATHS = "$(inherited) @executable_path/Frameworks";
				PRODUCT_BUNDLE_IDENTIFIER = "SK.iOS-Pop";
				PRODUCT_NAME = "$(TARGET_NAME)";
			};
			name = Debug;
		};
		932008D11DE0989000BFEB62 /* Release */ = {
			isa = XCBuildConfiguration;
			buildSettings = {
				ASSETCATALOG_COMPILER_APPICON_NAME = AppIcon;
				INFOPLIST_FILE = "iOS-Pop/Info.plist";
				LD_RUNPATH_SEARCH_PATHS = "$(inherited) @executable_path/Frameworks";
				PRODUCT_BUNDLE_IDENTIFIER = "SK.iOS-Pop";
				PRODUCT_NAME = "$(TARGET_NAME)";
			};
			name = Release;
		};
/* End XCBuildConfiguration section */

/* Begin XCConfigurationList section */
		932008B31DE0989000BFEB62 /* Build configuration list for PBXProject "iOS-Pop" */ = {
			isa = XCConfigurationList;
			buildConfigurations = (
				932008CD1DE0989000BFEB62 /* Debug */,
				932008CE1DE0989000BFEB62 /* Release */,
			);
			defaultConfigurationIsVisible = 0;
			defaultConfigurationName = Release;
		};
		932008CF1DE0989000BFEB62 /* Build configuration list for PBXNativeTarget "iOS-Pop" */ = {
			isa = XCConfigurationList;
			buildConfigurations = (
				932008D01DE0989000BFEB62 /* Debug */,
				932008D11DE0989000BFEB62 /* Release */,
			);
			defaultConfigurationIsVisible = 0;
			defaultConfigurationName = Release;
		};
/* End XCConfigurationList section */
	};
	rootObject = 932008B01DE0989000BFEB62 /* Project object */;
}
